# This file was autogenerated by uv via the following command:
#    uv export --frozen --no-dev --extra k8s --no-emit-project --no-hashes -o /home/cool/Workplaces/Deep-Research/airgap-release/app/requirements.lock
aiohappyeyeballs==2.7.1
    # via aiohttp
aiohttp==3.14.3
    # via kubernetes
aiosignal==1.4.0
    # via aiohttp
aiosqlite==0.22.1
    # via langgraph-checkpoint-sqlite
alembic==1.19.1
    # via
    #   dagster
    #   material-platform
annotated-doc==0.0.5
    # via fastapi
annotated-types==0.8.0
    # via pydantic
antlr4-python3-runtime==4.13.2
    # via dagster
anyio==4.14.2
    # via
    #   gql
    #   httpx
    #   httpx2
    #   langsmith
    #   starlette
    #   watchfiles
argon2-cffi==25.1.0
    # via minio
argon2-cffi-bindings==26.1.0
    # via argon2-cffi
attrs==26.1.0
    # via aiohttp
backoff==2.2.1
    # via
    #   gql
    #   langfuse
backports-zstd==1.7.0
    # via py7zr
brotli==1.2.0 ; platform_python_implementation == 'CPython'
    # via py7zr
brotlicffi==1.2.0.2 ; platform_python_implementation == 'PyPy'
    # via py7zr
certifi==2026.7.22
    # via
    #   httpcore
    #   httpx
    #   kubernetes
    #   minio
    #   requests
cffi==2.1.1
    # via
    #   argon2-cffi-bindings
    #   brotlicffi
    #   cryptography
charset-normalizer==3.5.1
    # via requests
click==8.5.0
    # via
    #   dagster
    #   dagster-webserver
    #   uvicorn
colorama==0.4.6 ; sys_platform == 'win32'
    # via tqdm
coloredlogs==14.0
    # via dagster
cryptography==50.0.1
    # via google-auth
dagster==1.13.20
    # via
    #   dagster-graphql
    #   dagster-k8s
    #   dagster-postgres
    #   dagster-webserver
    #   material-platform
dagster-graphql==1.13.20
    # via dagster-webserver
dagster-k8s==0.29.20
    # via material-platform
dagster-pipes==1.13.20
    # via dagster
dagster-postgres==0.29.20
    # via material-platform
dagster-shared==1.13.20
    # via dagster
dagster-webserver==1.13.20
    # via material-platform
distro==1.9.0
    # via langsmith
docstring-parser==0.18.0
    # via dagster
durationpy==0.11
    # via kubernetes
fastapi==0.141.1
    # via material-platform
filelock==3.32.5
    # via dagster
frozenlist==1.8.0
    # via
    #   aiohttp
    #   aiosignal
fsspec==2026.7.0
    # via universal-pathlib
google-auth==2.57.1
    # via dagster-k8s
googleapis-common-protos==1.75.2
    # via opentelemetry-exporter-otlp-proto-http
gql==4.0.0
    # via dagster-graphql
graphene==3.4.3
    # via dagster-graphql
graphql-core==3.2.12
    # via
    #   gql
    #   graphene
    #   graphql-relay
graphql-relay==3.2.0
    # via graphene
greenlet==3.5.5 ; platform_machine == 'AMD64' or platform_machine == 'WIN32' or platform_machine == 'aarch64' or platform_machine == 'amd64' or platform_machine == 'ppc64le' or platform_machine == 'win32' or platform_machine == 'x86_64'
    # via sqlalchemy
grpcio==1.83.1
    # via
    #   dagster
    #   grpcio-health-checking
    #   qdrant-client
grpcio-health-checking==1.81.1
    # via dagster
h11==0.16.0
    # via
    #   httpcore
    #   httpcore2
    #   uvicorn
h2==4.4.1
    # via httpx
hpack==4.2.0
    # via h2
httpcore==1.0.9
    # via httpx
httpcore2==2.12.0 ; sys_platform != 'emscripten'
    # via httpx2
httptools==0.8.0
    # via uvicorn
httpx==0.28.1
    # via
    #   langchain-core
    #   langfuse
    #   langgraph-sdk
    #   qdrant-client
httpx2==2.12.0
    # via langsmith
httpx2-jsfetch==1.0 ; sys_platform == 'emscripten'
    # via httpx2
humanfriendly==10.0
    # via coloredlogs
hyperframe==6.1.0
    # via h2
idna==3.19
    # via
    #   anyio
    #   httpx
    #   httpx2
    #   requests
    #   yarl
inflate64==1.0.4
    # via py7zr
jinja2==3.1.6
    # via dagster
jsonpatch==1.33
    # via langchain-core
jsonpointer==3.1.1
    # via jsonpatch
kubernetes==36.0.3
    # via dagster-k8s
langchain-core==1.6.1
    # via
    #   langgraph
    #   langgraph-checkpoint
    #   langgraph-prebuilt
langchain-protocol==0.0.19
    # via langchain-core
langfuse==4.15.1
    # via material-platform
langgraph==0.6.11
    # via material-platform
langgraph-checkpoint==3.0.1
    # via
    #   langgraph
    #   langgraph-checkpoint-postgres
    #   langgraph-checkpoint-sqlite
    #   langgraph-prebuilt
langgraph-checkpoint-postgres==3.0.5
    # via material-platform
langgraph-checkpoint-sqlite==3.0.3
    # via material-platform
langgraph-prebuilt==0.6.5
    # via langgraph
langgraph-sdk==0.2.15
    # via langgraph
langsmith==0.12.1
    # via langchain-core
lxml==6.1.2
    # via python-docx
mako==1.4.1
    # via alembic
markdown-it-py==4.2.0
    # via rich
markupsafe==3.0.3
    # via
    #   jinja2
    #   mako
mdurl==0.1.2
    # via markdown-it-py
minio==7.2.20
    # via material-platform
multidict==6.7.1
    # via
    #   aiohttp
    #   yarl
multivolumefile==0.2.3
    # via py7zr
numpy==2.5.2
    # via qdrant-client
oauthlib==3.3.1
    # via requests-oauthlib
opentelemetry-api==1.44.0
    # via
    #   langfuse
    #   opentelemetry-exporter-otlp-proto-http
    #   opentelemetry-sdk
    #   opentelemetry-semantic-conventions
opentelemetry-exporter-otlp-proto-common==1.44.0
    # via opentelemetry-exporter-otlp-proto-http
opentelemetry-exporter-otlp-proto-http==1.44.0
    # via langfuse
opentelemetry-proto==1.44.0
    # via
    #   opentelemetry-exporter-otlp-proto-common
    #   opentelemetry-exporter-otlp-proto-http
opentelemetry-sdk==1.44.0
    # via
    #   langfuse
    #   opentelemetry-exporter-otlp-proto-http
opentelemetry-semantic-conventions==0.65b0
    # via opentelemetry-sdk
orjson==3.12.0
    # via
    #   langgraph-checkpoint-postgres
    #   langgraph-sdk
    #   langsmith
ormsgpack==1.12.2
    # via langgraph-checkpoint
packaging==26.3
    # via
    #   dagster-shared
    #   langchain-core
    #   langfuse
    #   langsmith
pathlib-abc==0.5.2
    # via universal-pathlib
platformdirs==4.11.5
    # via dagster-shared
portalocker==3.2.0
    # via qdrant-client
propcache==0.5.2
    # via
    #   aiohttp
    #   yarl
protobuf==6.33.6
    # via
    #   dagster
    #   googleapis-common-protos
    #   grpcio-health-checking
    #   opentelemetry-proto
    #   qdrant-client
psutil==7.2.2 ; sys_platform != 'cygwin'
    # via
    #   dagster
    #   py7zr
psycopg==3.3.4
    # via
    #   langgraph-checkpoint-postgres
    #   material-platform
psycopg-binary==3.3.4 ; implementation_name != 'pypy'
    # via psycopg
psycopg-pool==3.3.1
    # via langgraph-checkpoint-postgres
psycopg2-binary==2.9.12
    # via dagster-postgres
py7zr==1.1.3
    # via material-platform
pyasn1==0.6.4
    # via pyasn1-modules
pyasn1-modules==0.4.2
    # via google-auth
pybcj==1.0.8
    # via py7zr
pycparser==3.0 ; implementation_name != 'PyPy'
    # via cffi
pycryptodome==3.23.0
    # via minio
pycryptodomex==3.23.0
    # via py7zr
pydantic==2.13.5
    # via
    #   dagster-shared
    #   fastapi
    #   langchain-core
    #   langfuse
    #   langgraph
    #   langsmith
    #   material-platform
    #   pydantic-settings
    #   qdrant-client
pydantic-core==2.46.5
    # via pydantic
pydantic-settings==2.15.0
    # via material-platform
pygments==2.21.0
    # via rich
pypdf==6.16.2
    # via material-platform
pyppmd==1.3.1
    # via py7zr
pyreadline3==3.5.6 ; sys_platform == 'win32'
    # via humanfriendly
python-dateutil==2.9.0.post0
    # via
    #   graphene
    #   kubernetes
python-docx==1.2.0
    # via material-platform
python-dotenv==1.2.3
    # via
    #   dagster
    #   pydantic-settings
    #   uvicorn
pytz==2026.3.post1
    # via dagster
pywin32==312 ; sys_platform == 'win32'
    # via
    #   dagster
    #   portalocker
pyyaml==6.0.3
    # via
    #   dagster-shared
    #   kubernetes
    #   langchain-core
    #   uvicorn
qdrant-client==1.19.0
    # via material-platform
redis==8.1.0
    # via material-platform
requests==2.34.2
    # via
    #   dagster
    #   dagster-graphql
    #   gql
    #   kubernetes
    #   langsmith
    #   opentelemetry-exporter-otlp-proto-http
    #   requests-oauthlib
    #   requests-toolbelt
requests-oauthlib==2.0.0
    # via kubernetes
requests-toolbelt==1.0.0
    # via
    #   gql
    #   langsmith
rich==15.0.0
    # via dagster
six==1.17.0
    # via
    #   dagster
    #   kubernetes
    #   python-dateutil
sniffio==1.3.1
    # via langsmith
sqlalchemy==2.0.52
    # via
    #   alembic
    #   dagster
    #   material-platform
sqlite-vec==0.1.9
    # via langgraph-checkpoint-sqlite
starlette==1.6.0
    # via
    #   dagster-graphql
    #   dagster-webserver
    #   fastapi
structlog==26.1.0
    # via dagster
tabulate==0.10.0
    # via dagster
tenacity==9.1.4
    # via langchain-core
texttable==1.7.0
    # via py7zr
tomli==2.4.1
    # via dagster
tomlkit==0.15.1
    # via dagster-shared
toposort==1.10
    # via dagster
tqdm==4.70.0
    # via dagster
truststore==0.10.4 ; sys_platform != 'emscripten'
    # via
    #   httpcore2
    #   httpx2
typing-extensions==4.16.0
    # via
    #   aiohttp
    #   aiosignal
    #   alembic
    #   anyio
    #   dagster-shared
    #   fastapi
    #   graphene
    #   grpcio
    #   httpx2
    #   langchain-core
    #   langchain-protocol
    #   langfuse
    #   langsmith
    #   minio
    #   opentelemetry-api
    #   opentelemetry-exporter-otlp-proto-http
    #   opentelemetry-sdk
    #   opentelemetry-semantic-conventions
    #   psycopg
    #   psycopg-pool
    #   pydantic
    #   pydantic-core
    #   python-docx
    #   sqlalchemy
    #   starlette
    #   typing-inspection
typing-inspection==0.4.4
    # via
    #   fastapi
    #   pydantic
    #   pydantic-settings
tzdata==2026.3
    # via
    #   dagster
    #   psycopg
universal-pathlib==0.3.10
    # via dagster
urllib3==2.7.0
    # via
    #   kubernetes
    #   minio
    #   qdrant-client
    #   requests
uuid-utils==0.17.0
    # via
    #   langchain-core
    #   langsmith
uvicorn==0.52.4
    # via
    #   dagster-webserver
    #   material-platform
uvloop==0.22.1 ; platform_python_implementation != 'PyPy' and sys_platform != 'cygwin' and sys_platform != 'win32'
    # via uvicorn
watchdog==6.0.0
    # via dagster
watchfiles==1.2.0
    # via uvicorn
websocket-client==1.9.2
    # via kubernetes
websockets==17.1
    # via
    #   langsmith
    #   uvicorn
wrapt==2.4.0
    # via langfuse
xxhash==4.0.1
    # via
    #   langgraph
    #   langsmith
yarl==1.24.5
    # via
    #   aiohttp
    #   gql
zstandard==0.25.0
    # via langsmith
